// !$*UTF8*$!
{
	archiveVersion = 1;
	classes = {
	};
	objectVersion = 50;
	objects = {

/* Begin PBXBuildFile section */
		004EDC7C20AD9526005C4569 /* AppDelegate.m in Sources */ = {isa = PBXBuildFile; fileRef = 004EDC7B20AD9526005C4569 /* AppDelegate.m */; };
		004EDC7F20AD9526005C4569 /* ViewController.m in Sources */ = {isa = PBXBuildFile; fileRef = 004EDC7E20AD9526005C4569 /* ViewController.m */; };
		004EDC8220AD9526005C4569 /* Main.storyboard in Resources */ = {isa = PBXBuildFile; fileRef = 004EDC8020AD9526005C4569 /* Main.storyboard */; };
		004EDC8420AD9528005C4569 /* Assets.xcassets in Resources */ = {isa = PBXBuildFile; fileRef = 004EDC8320AD9528005C4569 /* Assets.xcassets */; };
		004EDC8720AD9528005C4569 /* LaunchScreen.storyboard in Resources */ = {isa = PBXBuildFile; fileRef = 004EDC8520AD9528005C4569 /* LaunchScreen.storyboard */; };
		004EDC8A20AD9528005C4569 /* main.m in Sources */ = {isa = PBXBuildFile; fileRef = 004EDC8920AD9528005C4569 /* main.m */; };
/* End PBXBuildFile section */

/* Begin PBXFileReference section */
		004EDC7720AD9526005C4569 /* TestObjCDemo.app */ = {isa = PBXFileReference; explicitFileType = wrapper.application; includeInIndex = 0; path = TestObjCDemo.app; sourceTree = BUILT_PRODUCTS_DIR; };
		004EDC7A20AD9526005C4569 /* AppDelegate.h */ = {isa = PBXFileReference; lastKnownFileType = sourcecode.c.h; path = AppDelegate.h; sourceTree = "<group>"; };
		004EDC7B20AD9526005C4569 /* AppDelegate.m */ = {isa = PBXFileReference; lastKnownFileType = sourcecode.c.objc; path = AppDelegate.m; sourceTree = "<group>"; };
		004EDC7D20AD9526005C4569 /* ViewController.h */ = {isa = PBXFileReference; lastKnownFileType = sourcecode.c.h; path = ViewController.h; sourceTree = "<group>"; };
		004EDC7E20AD9526005C4569 /* ViewController.m */ = {isa = PBXFileReference; lastKnownFileType = sourcecode.c.objc; path = ViewController.m; sourceTree = "<group>"; };
		004EDC8120AD9526005C4569 /* Base */ = {isa = PBXFileReference; lastKnownFileType = file.storyboard; name = Base; path = Base.lproj/Main.storyboard; sourceTree = "<group>"; };
		004EDC8320AD9528005C4569 /* Assets.xcassets */ = {isa = PBXFileReference; lastKnownFileType = folder.assetcatalog; path = Assets.xcassets; sourceTree = "<group>"; };
		004EDC8620AD9528005C4569 /* Base */ = {isa = PBXFileReference; lastKnownFileType = file.storyboard; name = Base; path = Base.lproj/LaunchScreen.storyboard; sourceTree = "<group>"; };
		004EDC8820AD9528005C4569 /* Info.plist */ = {isa = PBXFileReference; lastKnownFileType = text.plist.xml; path = Info.plist; sourceTree = "<group>"; };
		004EDC8920AD9528005C4569 /* main.m */ = {isa = PBXFileReference; lastKnownFileType = sourcecode.c.objc; path = main.m; sourceTree = "<group>"; };
/* End PBXFileReference section */

/* Begin PBXFrameworksBuildPhase section */
		004EDC7420AD9526005C4569 /* Frameworks */ = {
			isa = PBXFrameworksBuildPhase;
			buildActionMask = 2147483647;
			files = (
			);
			runOnlyForDeploymentPostprocessing = 0;
		};
/* End PBXFrameworksBuildPhase section */

/* Begin PBXGroup section */
		004EDC6E20AD9526005C4569 = {
			isa = PBXGroup;
			children = (
				004EDC7920AD9526005C4569 /* TestObjCDemo */,
				004EDC7820AD9526005C4569 /* Products */,
			);
			sourceTree = "<group>";
		};
		004EDC7820AD9526005C4569 /* Products */ = {
			isa = PBXGroup;
			children = (
				004EDC7720AD9526005C4569 /* TestObjCDemo.app */,
			);
			name = Products;
			sourceTree = "<group>";
		};
		004EDC7920AD9526005C4569 /* TestObjCDemo */ = {
			isa = PBXGroup;
			children = (
				004EDC7A20AD9526005C4569 /* AppDelegate.h */,
				004EDC7B20AD9526005C4569 /* AppDelegate.m */,
				004EDC7D20AD9526005C4569 /* ViewController.h */,
				004EDC7E20AD9526005C4569 /* ViewController.m */,
				004EDC8020AD9526005C4569 /* Main.storyboard */,
				004EDC8320AD9528005C4569 /* Assets.xcassets */,
				004EDC8520AD9528005C4569 /* LaunchScreen.storyboard */,
				004EDC8820AD9528005C4569 /* Info.plist */,
				004EDC8920AD9528005C4569 /* main.m */,
			);
			path = TestObjCDemo;
			sourceTree = "<group>";
		};
/* End PBXGroup section */

/* Begin PBXNativeTarget section */
		004EDC7620AD9526005C4569 /* TestObjCDemo */ = {
			isa = PBXNativeTarget;
			buildConfigurationList = 004EDC8D20AD9528005C4569 /* Build configuration list for PBXNativeTarget "TestObjCDemo" */;
			buildPhases = (
				004EDC7320AD9526005C4569 /* Sources */,
				004EDC7420AD9526005C4569 /* Frameworks */,
				004EDC7520AD9526005C4569 /* Resources */,
			);
			buildRules = (
			);
			dependencies = (
			);
			name = TestObjCDemo;
			productName = TestObjCDemo;
			productReference = 004EDC7720AD9526005C4569 /* TestObjCDemo.app */;
			productType = "com.apple.product-type.application";
		};
/* End PBXNativeTarget section */

/* Begin PBXProject section */
		004EDC6F20AD9526005C4569 /* Project object */ = {
			isa = PBXProject;
			attributes = {
				LastUpgradeCheck = 0930;
				ORGANIZATIONNAME = botla;
				TargetAttributes = {
					004EDC7620AD9526005C4569 = {
						CreatedOnToolsVersion = 9.3;
					};
				};
			};
			buildConfigurationList = 004EDC7220AD9526005C4569 /* Build configuration list for PBXProject "TestObjCDemo" */;
			compatibilityVersion = "Xcode 9.3";
			developmentRegion = en;
			hasScannedForEncodings = 0;
			knownRegions = (
				en,
				Base,
			);
			mainGroup = 004EDC6E20AD9526005C4569;
			productRefGroup = 004EDC7820AD9526005C4569 /* Products */;
			projectDirPath = "";
			projectRoot = "";
			targets = (
				004EDC7620AD9526005C4569 /* TestObjCDemo */,
			);
		};
/* End PBXProject section */

/* Begin PBXResourcesBuildPhase section */
		004EDC7520AD9526005C4569 /* Resources */ = {
			isa = PBXResourcesBuildPhase;
			buildActionMask = 2147483647;
			files = (
				004EDC8720AD9528005C4569 /* LaunchScreen.storyboard in Resources */,
				004EDC8420AD9528005C4569 /* Assets.xcassets in Resources */,
				004EDC8220AD9526005C4569 /* Main.storyboard in Resources */,
			);
			runOnlyForDeploymentPostprocessing = 0;
		};
/* End PBXResourcesBuildPhase section */

/* Begin PBXSourcesBuildPhase section */
		004EDC7320AD9526005C4569 /* Sources */ = {
			isa = PBXSourcesBuildPhase;
			buildActionMask = 2147483647;
			files = (
				004EDC7F20AD9526005C4569 /* ViewController.m in Sources */,
				004EDC8A20AD9528005C4569 /* main.m in Sources */,
				004EDC7C20AD9526005C4569 /* AppDelegate.m in Sources */,
			);
			runOnlyForDeploymentPostprocessing = 0;
		};
/* End PBXSourcesBuildPhase section */

/* Begin PBXVariantGroup section */
		004EDC8020AD9526005C4569 /* Main.storyboard */ = {
			isa = PBXVariantGroup;
			children = (
				004EDC8120AD9526005C4569 /* Base */,
			);
			name = Main.storyboard;
			sourceTree = "<group>";
		};
		004EDC8520AD9528005C4569 /* LaunchScreen.storyboard */ = {
			isa = PBXVariantGroup;
			children = (
				004EDC8620AD9528005C4569 /* Base */,
			);
			name = LaunchScreen.storyboard;
			sourceTree = "<group>";
		};
/* End PBXVariantGroup section */

/* Begin XCBuildConfiguration section */
		004EDC8B20AD9528005C4569 /* Debug */ = {
			isa = XCBuildConfiguration;
			buildSettings = {
				ALWAYS_SEARCH_USER_PATHS = NO;
				CLANG_ANALYZER_NONNULL = YES;
				CLANG_ANALYZER_NUMBER_OBJECT_CONVERSION = YES_AGGRESSIVE;
				CLANG_CXX_LANGUAGE_STANDARD = "gnu++14";
				CLANG_CXX_LIBRARY = "libc++";
				CLANG_ENABLE_MODULES = YES;
				CLANG_ENABLE_OBJC_ARC = YES;
				CLANG_ENABLE_OBJC_WEAK = YES;
				CLANG_WARN_BLOCK_CAPTURE_AUTORELEASING = YES;
				CLANG_WARN_BOOL_CONVERSION = YES;
				CLANG_WARN_COMMA = YES;
				CLANG_WARN_CONSTANT_CONVERSION = YES;
				CLANG_WARN_DEPRECATED_OBJC_IMPLEMENTATIONS = YES;
				CLANG_WARN_DIRECT_OBJC_ISA_USAGE = YES_ERROR;
				CLANG_WARN_DOCUMENTATION_COMMENTS = YES;
				CLANG_WARN_EMPTY_BODY = YES;
				CLANG_WARN_ENUM_CONVERSION = YES;
				CLANG_WARN_INFINITE_RECURSION = YES;
				CLANG_WARN_INT_CONVERSION = YES;
				CLANG_WARN_NON_LITERAL_NULL_CONVERSION = YES;
				CLANG_WARN_OBJC_IMPLICIT_RETAIN_SELF = YES;
				CLANG_WARN_OBJC_LITERAL_CONVERSION = YES;
				CLANG_WARN_OBJC_ROOT_CLASS = YES_ERROR;
				CLANG_WARN_RANGE_LOOP_ANALYSIS = YES;
				CLANG_WARN_STRICT_PROTOTYPES = YES;
				CLANG_WARN_SUSPICIOUS_MOVE = YES;
				CLANG_WARN_UNGUARDED_AVAILABILITY = YES_AGGRESSIVE;
				CLANG_WARN_UNREACHABLE_CODE = YES;
				CLANG_WARN__DUPLICATE_METHOD_MATCH = YES;
				CODE_SIGN_IDENTITY = "iPhone Developer";
				COPY_PHASE_STRIP = NO;
				DEBUG_INFORMATION_FORMAT = dwarf;
				ENABLE_STRICT_OBJC_MSGSEND = YES;
				ENABLE_TESTABILITY = YES;
				GCC_C_LANGUAGE_STANDARD = gnu11;
				GCC_DYNAMIC_NO_PIC = NO;
				GCC_NO_COMMON_BLOCKS = YES;
				GCC_OPTIMIZATION_LEVEL = 0;
				GCC_PREPROCESSOR_DEFINITIONS = (
					"DEBUG=1",
					"$(inherited)",
				);
				GCC_WARN_64_TO_32_BIT_CONVERSION = YES;
				GCC_WARN_ABOUT_RETURN_TYPE = YES_ERROR;
				GCC_WARN_UNDECLARED_SELECTOR = YES;
				GCC_WARN_UNINITIALIZED_AUTOS = YES_AGGRESSIVE;
				GCC_WARN_UNUSED_FUNCTION = YES;
				GCC_WARN_UNUSED_VARIABLE = YES;
				IPHONEOS_DEPLOYMENT_TARGET = 11.3;
				MTL_ENABLE_DEBUG_INFO = YES;
				ONLY_ACTIVE_ARCH = YES;
				SDKROOT = iphoneos;
			};
			name = Debug;
		};
		004EDC8C20AD9528005C4569 /* Release */ = {
			isa = XCBuildConfiguration;
			buildSettings = {
				ALWAYS_SEARCH_USER_PATHS = NO;
				CLANG_ANALYZER_NONNULL = YES;
				CLANG_ANALYZER_NUMBER_OBJECT_CONVERSION = YES_AGGRESSIVE;
				CLANG_CXX_LANGUAGE_STANDARD = "gnu++14";
				CLANG_CXX_LIBRARY = "libc++";
				CLANG_ENABLE_MODULES = YES;
				CLANG_ENABLE_OBJC_ARC = YES;
				CLANG_ENABLE_OBJC_WEAK = YES;
				CLANG_WARN_BLOCK_CAPTURE_AUTORELEASING = YES;
				CLANG_WARN_BOOL_CONVERSION = YES;
				CLANG_WARN_COMMA = YES;
				CLANG_WARN_CONSTANT_CONVERSION = YES;
				CLANG_WARN_DEPRECATED_OBJC_IMPLEMENTATIONS = YES;
				CLANG_WARN_DIRECT_OBJC_ISA_USAGE = YES_ERROR;
				CLANG_WARN_DOCUMENTATION_COMMENTS = YES;
				CLANG_WARN_EMPTY_BODY = YES;
				CLANG_WARN_ENUM_CONVERSION = YES;
				CLANG_WARN_INFINITE_RECURSION = YES;
				CLANG_WARN_INT_CONVERSION = YES;
				CLANG_WARN_NON_LITERAL_NULL_CONVERSION = YES;
				CLANG_WARN_OBJC_IMPLICIT_RETAIN_SELF = YES;
				CLANG_WARN_OBJC_LITERAL_CONVERSION = YES;
				CLANG_WARN_OBJC_ROOT_CLASS = YES_ERROR;
				CLANG_WARN_RANGE_LOOP_ANALYSIS = YES;
				CLANG_WARN_STRICT_PROTOTYPES = YES;
				CLANG_WARN_SUSPICIOUS_MOVE = YES;
				CLANG_WARN_UNGUARDED_AVAILABILITY = YES_AGGRESSIVE;
				CLANG_WARN_UNREACHABLE_CODE = YES;
				CLANG_WARN__DUPLICATE_METHOD_MATCH = YES;
				CODE_SIGN_IDENTITY = "iPhone Developer";
				COPY_PHASE_STRIP = NO;
				DEBUG_INFORMATION_FORMAT = "dwarf-with-dsym";
				ENABLE_NS_ASSERTIONS = NO;
				ENABLE_STRICT_OBJC_MSGSEND = YES;
				GCC_C_LANGUAGE_STANDARD = gnu11;
				GCC_NO_COMMON_BLOCKS = YES;
				GCC_WARN_64_TO_32_BIT_CONVERSION = YES;
				GCC_WARN_ABOUT_RETURN_TYPE = YES_ERROR;
				GCC_WARN_UNDECLARED_SELECTOR = YES;
				GCC_WARN_UNINITIALIZED_AUTOS = YES_AGGRESSIVE;
				GCC_WARN_UNUSED_FUNCTION = YES;
				GCC_WARN_UNUSED_VARIABLE = YES;
				IPHONEOS_DEPLOYMENT_TARGET = 11.3;
				MTL_ENABLE_DEBUG_INFO = NO;
				SDKROOT = iphoneos;
				VALIDATE_PRODUCT = YES;
			};
			name = Release;
		};
		004EDC8E20AD9528005C4569 /* Debug */ = {
			isa = XCBuildConfiguration;
			buildSettings = {
				ASSETCATALOG_COMPILER_APPICON_NAME = AppIcon;
				CODE_SIGN_STYLE = Manual;
				DEVELOPMENT_TEAM = "";
				INFOPLIST_FILE = TestObjCDemo/Info.plist;
				LD_RUNPATH_SEARCH_PATHS = (
					"$(inherited)",
					"@executable_path/Frameworks",
				);
				PRODUCT_BUNDLE_IDENTIFIER = com.botla.TestObjCDemo;
				PRODUCT_NAME = "$(TARGET_NAME)";
				PROVISIONING_PROFILE_SPECIFIER = "";
				TARGETED_DEVICE_FAMILY = "1,2";
			};
			name = Debug;
		};
		004EDC8F20AD9528005C4569 /* Release */ = {
			isa = XCBuildConfiguration;
			buildSettings = {
				ASSETCATALOG_COMPILER_APPICON_NAME = AppIcon;
				CODE_SIGN_STYLE = Manual;
				DEVELOPMENT_TEAM = "";
				INFOPLIST_FILE = TestObjCDemo/Info.plist;
				LD_RUNPATH_SEARCH_PATHS = (
					"$(inherited)",
					"@executable_path/Frameworks",
				);
				PRODUCT_BUNDLE_IDENTIFIER = com.botla.TestObjCDemo;
				PRODUCT_NAME = "$(TARGET_NAME)";
				PROVISIONING_PROFILE_SPECIFIER = "";
				TARGETED_DEVICE_FAMILY = "1,2";
			};
			name = Release;
		};
/* End XCBuildConfiguration section */

/* Begin XCConfigurationList section */
		004EDC7220AD9526005C4569 /* Build configuration list for PBXProject "TestObjCDemo" */ = {
			isa = XCConfigurationList;
			buildConfigurations = (
				004EDC8B20AD9528005C4569 /* Debug */,
				004EDC8C20AD9528005C4569 /* Release */,
			);
			defaultConfigurationIsVisible = 0;
			defaultConfigurationName = Release;
		};
		004EDC8D20AD9528005C4569 /* Build configuration list for PBXNativeTarget "TestObjCDemo" */ = {
			isa = XCConfigurationList;
			buildConfigurations = (
				004EDC8E20AD9528005C4569 /* Debug */,
				004EDC8F20AD9528005C4569 /* Release */,
			);
			defaultConfigurationIsVisible = 0;
			defaultConfigurationName = Release;
		};
/* End XCConfigurationList section */
	};
	rootObject = 004EDC6F20AD9526005C4569 /* Project object */;
}
